
Microsoft Visual Studio Solution File, Format Version 12.00
# Visual Studio Version 17
VisualStudioVersion = 17.3.32929.385
MinimumVisualStudioVersion = 10.0.40219.1
Project("{FAE04EC0-301F-11D3-BF4B-00C04F79EFBC}") = "22. GenerateParentheses", "22. GenerateParentheses.csproj", "{B7609E16-3976-4526-BDAD-3CD672DE4849}"
EndProject
Global
	GlobalSection(SolutionConfigurationPlatforms) = preSolution
		Debug|Any CPU = Debug|Any CPU
		Release|Any CPU = Release|Any CPU
	EndGlobalSection
	GlobalSection(ProjectConfigurationPlatforms) = postSolution
		{B7609E16-3976-4526-BDAD-3CD672DE4849}.Debug|Any CPU.ActiveCfg = Debug|Any CPU
		{B7609E16-3976-4526-BDAD-3CD672DE4849}.Debug|Any CPU.Build.0 = Debug|Any CPU
		{B7609E16-3976-4526-BDAD-3CD672DE4849}.Release|Any CPU.ActiveCfg = Release|Any CPU
		{B7609E16-3976-4526-BDAD-3CD672DE4849}.Release|Any CPU.Build.0 = Release|Any CPU
	EndGlobalSection
	GlobalSection(SolutionProperties) = preSolution
		HideSolutionNode = FALSE
	EndGlobalSection
	GlobalSection(ExtensibilityGlobals) = postSolution
		SolutionGuid = {8C893745-D019-4CCE-99C5-1A23CCD37EB4}
	EndGlobalSection
EndGlobal
