
Microsoft Visual Studio Solution File, Format Version 12.00
# Visual Studio Version 17
VisualStudioVersion = 17.3.32929.385
MinimumVisualStudioVersion = 10.0.40219.1
Project("{FAE04EC0-301F-11D3-BF4B-00C04F79EFBC}") = "3. LongestSubstringWithoutRepeatingCharacters", "3. LongestSubstringWithoutRepeatingCharacters.csproj", "{6FB19D77-F444-41C5-9C4A-626F09F3E21A}"
EndProject
Global
	GlobalSection(SolutionConfigurationPlatforms) = preSolution
		Debug|Any CPU = Debug|Any CPU
		Release|Any CPU = Release|Any CPU
	EndGlobalSection
	GlobalSection(ProjectConfigurationPlatforms) = postSolution
		{6FB19D77-F444-41C5-9C4A-626F09F3E21A}.Debug|Any CPU.ActiveCfg = Debug|Any CPU
		{6FB19D77-F444-41C5-9C4A-626F09F3E21A}.Debug|Any CPU.Build.0 = Debug|Any CPU
		{6FB19D77-F444-41C5-9C4A-626F09F3E21A}.Release|Any CPU.ActiveCfg = Release|Any CPU
		{6FB19D77-F444-41C5-9C4A-626F09F3E21A}.Release|Any CPU.Build.0 = Release|Any CPU
	EndGlobalSection
	GlobalSection(SolutionProperties) = preSolution
		HideSolutionNode = FALSE
	EndGlobalSection
	GlobalSection(ExtensibilityGlobals) = postSolution
		SolutionGuid = {09F7E048-4BF0-4C20-A9B8-85BD72A97230}
	EndGlobalSection
EndGlobal
