
Microsoft Visual Studio Solution File, Format Version 12.00
# Visual Studio Version 17
VisualStudioVersion = 17.3.32929.385
MinimumVisualStudioVersion = 10.0.40219.1
Project("{FAE04EC0-301F-11D3-BF4B-00C04F79EFBC}") = "51. N-Queens", "51. N-Queens.csproj", "{67C42B3B-B633-42A2-89E3-CBA15ACA60EE}"
EndProject
Global
	GlobalSection(SolutionConfigurationPlatforms) = preSolution
		Debug|Any CPU = Debug|Any CPU
		Release|Any CPU = Release|Any CPU
	EndGlobalSection
	GlobalSection(ProjectConfigurationPlatforms) = postSolution
		{67C42B3B-B633-42A2-89E3-CBA15ACA60EE}.Debug|Any CPU.ActiveCfg = Debug|Any CPU
		{67C42B3B-B633-42A2-89E3-CBA15ACA60EE}.Debug|Any CPU.Build.0 = Debug|Any CPU
		{67C42B3B-B633-42A2-89E3-CBA15ACA60EE}.Release|Any CPU.ActiveCfg = Release|Any CPU
		{67C42B3B-B633-42A2-89E3-CBA15ACA60EE}.Release|Any CPU.Build.0 = Release|Any CPU
	EndGlobalSection
	GlobalSection(SolutionProperties) = preSolution
		HideSolutionNode = FALSE
	EndGlobalSection
	GlobalSection(ExtensibilityGlobals) = postSolution
		SolutionGuid = {602082AF-8C8C-42C5-AE40-A60F251C765B}
	EndGlobalSection
EndGlobal
