
Microsoft Visual Studio Solution File, Format Version 12.00
# Visual Studio Version 17
VisualStudioVersion = 17.3.32929.385
MinimumVisualStudioVersion = 10.0.40219.1
Project("{FAE04EC0-301F-11D3-BF4B-00C04F79EFBC}") = "28. FindTheIndexOfTheFirstOccurrenceInAString", "28. FindTheIndexOfTheFirstOccurrenceInAString.csproj", "{19B5AC7E-DFEC-491F-AF59-E5CA787258DE}"
EndProject
Global
	GlobalSection(SolutionConfigurationPlatforms) = preSolution
		Debug|Any CPU = Debug|Any CPU
		Release|Any CPU = Release|Any CPU
	EndGlobalSection
	GlobalSection(ProjectConfigurationPlatforms) = postSolution
		{19B5AC7E-DFEC-491F-AF59-E5CA787258DE}.Debug|Any CPU.ActiveCfg = Debug|Any CPU
		{19B5AC7E-DFEC-491F-AF59-E5CA787258DE}.Debug|Any CPU.Build.0 = Debug|Any CPU
		{19B5AC7E-DFEC-491F-AF59-E5CA787258DE}.Release|Any CPU.ActiveCfg = Release|Any CPU
		{19B5AC7E-DFEC-491F-AF59-E5CA787258DE}.Release|Any CPU.Build.0 = Release|Any CPU
	EndGlobalSection
	GlobalSection(SolutionProperties) = preSolution
		HideSolutionNode = FALSE
	EndGlobalSection
	GlobalSection(ExtensibilityGlobals) = postSolution
		SolutionGuid = {ECE834FB-493B-4013-8FF3-614D18E8A67E}
	EndGlobalSection
EndGlobal
